
Microsoft Visual Studio Solution File, Format Version 12.00
# Visual Studio Version 17
VisualStudioVersion = 17.0.31912.275
MinimumVisualStudioVersion = 10.0.40219.1
Project("{FAE04EC0-301F-11D3-BF4B-00C04F79EFBC}") = "TestBlazorPWA", "TestBlazorPWA\TestBlazorPWA.csproj", "{D483683C-5F71-492B-88B2-32880BB758EC}"
EndProject
Global
	GlobalSection(SolutionConfigurationPlatforms) = preSolution
		Debug|Any CPU = Debug|Any CPU
		Release|Any CPU = Release|Any CPU
	EndGlobalSection
	GlobalSection(ProjectConfigurationPlatforms) = postSolution
		{D483683C-5F71-492B-88B2-32880BB758EC}.Debug|Any CPU.ActiveCfg = Debug|Any CPU
		{D483683C-5F71-492B-88B2-32880BB758EC}.Debug|Any CPU.Build.0 = Debug|Any CPU
		{D483683C-5F71-492B-88B2-32880BB758EC}.Release|Any CPU.ActiveCfg = Release|Any CPU
		{D483683C-5F71-492B-88B2-32880BB758EC}.Release|Any CPU.Build.0 = Release|Any CPU
	EndGlobalSection
	GlobalSection(SolutionProperties) = preSolution
		HideSolutionNode = FALSE
	EndGlobalSection
	GlobalSection(ExtensibilityGlobals) = postSolution
		SolutionGuid = {327A366A-A26B-4F7D-B001-F865F3C0C394}
	EndGlobalSection
EndGlobal
